{
  "version": 4,
  "terraform_version": "1.14.4",
  "serial": 6,
  "lineage": "50303bf5-4bbb-49e8-151a-b4a545c582cd",
  "outputs": {
    "sg_vm2_name": {
      "value": "catscan-production-sg2",
      "type": "string"
    }
  },
  "resources": [
    {
      "mode": "data",
      "type": "google_compute_network",
      "name": "default",
      "provider": "provider[\"registry.terraform.io/hashicorp/google\"]",
      "instances": [
        {
          "schema_version": 0,
          "attributes": {
            "description": "Default network for the project",
            "gateway_ipv4": "",
            "id": "projects/catscan-prod-202601/global/networks/default",
            "internal_ipv6_range": "",
            "name": "default",
            "project": null,
            "self_link": "https://www.googleapis.com/compute/v1/projects/catscan-prod-202601/global/networks/default",
            "subnetworks_self_links": [
              "https://www.googleapis.com/compute/v1/projects/catscan-prod-202601/regions/us-east4/subnetworks/default",
              "https://www.googleapis.com/compute/v1/projects/catscan-prod-202601/regions/europe-west1/subnetworks/default",
              "https://www.googleapis.com/compute/v1/projects/catscan-prod-202601/regions/europe-west12/subnetworks/default",
              "https://www.googleapis.com/compute/v1/projects/catscan-prod-202601/regions/asia-south1/subnetworks/default",
              "https://www.googleapis.com/compute/v1/projects/catscan-prod-202601/regions/asia-northeast3/subnetworks/default",
              "https://www.googleapis.com/compute/v1/projects/catscan-prod-202601/regions/us-west1/subnetworks/default",
              "https://www.googleapis.com/compute/v1/projects/catscan-prod-202601/regions/asia-southeast2/subnetworks/default",
              "https://www.googleapis.com/compute/v1/projects/catscan-prod-202601/regions/asia-south2/subnetworks/default",
              "https://www.googleapis.com/compute/v1/projects/catscan-prod-202601/regions/asia-northeast2/subnetworks/default",
              "https://www.googleapis.com/compute/v1/projects/catscan-prod-202601/regions/europe-west8/subnetworks/default",
              "https://www.googleapis.com/compute/v1/projects/catscan-prod-202601/regions/northamerica-south1/subnetworks/default",
              "https://www.googleapis.com/compute/v1/projects/catscan-prod-202601/regions/europe-west6/subnetworks/default",
              "https://www.googleapis.com/compute/v1/projects/catscan-prod-202601/regions/southamerica-east1/subnetworks/default",
              "https://www.googleapis.com/compute/v1/projects/catscan-prod-202601/regions/northamerica-northeast2/subnetworks/default",
              "https://www.googleapis.com/compute/v1/projects/catscan-prod-202601/regions/europe-central2/subnetworks/default",
              "https://www.googleapis.com/compute/v1/projects/catscan-prod-202601/regions/asia-northeast1/subnetworks/default",
              "https://www.googleapis.com/compute/v1/projects/catscan-prod-202601/regions/europe-west2/subnetworks/default",
              "https://www.googleapis.com/compute/v1/projects/catscan-prod-202601/regions/asia-southeast3/subnetworks/default",
              "https://www.googleapis.com/compute/v1/projects/catscan-prod-202601/regions/asia-east1/subnetworks/default",
              "https://www.googleapis.com/compute/v1/projects/catscan-prod-202601/regions/me-central1/subnetworks/default",
              "https://www.googleapis.com/compute/v1/projects/catscan-prod-202601/regions/asia-southeast1/subnetworks/default",
              "https://www.googleapis.com/compute/v1/projects/catscan-prod-202601/regions/us-east1/subnetworks/default",
              "https://www.googleapis.com/compute/v1/projects/catscan-prod-202601/regions/europe-west3/subnetworks/default",
              "https://www.googleapis.com/compute/v1/projects/catscan-prod-202601/regions/us-west2/subnetworks/default",
              "https://www.googleapis.com/compute/v1/projects/catscan-prod-202601/regions/europe-west9/subnetworks/default",
              "https://www.googleapis.com/compute/v1/projects/catscan-prod-202601/regions/us-west3/subnetworks/default",
              "https://www.googleapis.com/compute/v1/projects/catscan-prod-202601/regions/europe-west10/subnetworks/default",
              "https://www.googleapis.com/compute/v1/projects/catscan-prod-202601/regions/australia-southeast1/subnetworks/default",
              "https://www.googleapis.com/compute/v1/projects/catscan-prod-202601/regions/europe-north1/subnetworks/default",
              "https://www.googleapis.com/compute/v1/projects/catscan-prod-202601/regions/northamerica-northeast1/subnetworks/default",
              "https://www.googleapis.com/compute/v1/projects/catscan-prod-202601/regions/australia-southeast2/subnetworks/default",
              "https://www.googleapis.com/compute/v1/projects/catscan-prod-202601/regions/europe-north2/subnetworks/default",
              "https://www.googleapis.com/compute/v1/projects/catscan-prod-202601/regions/europe-west4/subnetworks/default",
              "https://www.googleapis.com/compute/v1/projects/catscan-prod-202601/regions/us-central1/subnetworks/default",
              "https://www.googleapis.com/compute/v1/projects/catscan-prod-202601/regions/us-south1/subnetworks/default",
              "https://www.googleapis.com/compute/v1/projects/catscan-prod-202601/regions/africa-south1/subnetworks/default",
              "https://www.googleapis.com/compute/v1/projects/catscan-prod-202601/regions/southamerica-west1/subnetworks/default",
              "https://www.googleapis.com/compute/v1/projects/catscan-prod-202601/regions/asia-east2/subnetworks/default",
              "https://www.googleapis.com/compute/v1/projects/catscan-prod-202601/regions/us-east5/subnetworks/default",
              "https://www.googleapis.com/compute/v1/projects/catscan-prod-202601/regions/europe-southwest1/subnetworks/default",
              "https://www.googleapis.com/compute/v1/projects/catscan-prod-202601/regions/me-west1/subnetworks/default",
              "https://www.googleapis.com/compute/v1/projects/catscan-prod-202601/regions/us-west4/subnetworks/default"
            ]
          },
          "sensitive_attributes": [],
          "identity_schema_version": 0
        }
      ]
    },
    {
      "mode": "data",
      "type": "google_service_account",
      "name": "catscan",
      "provider": "provider[\"registry.terraform.io/hashicorp/google\"]",
      "instances": [
        {
          "schema_version": 0,
          "attributes": {
            "account_id": "catscan-production-sa",
            "display_name": "Cat-Scan production Service Account",
            "email": "catscan-production-sa@catscan-prod-202601.iam.gserviceaccount.com",
            "id": "projects/catscan-prod-202601/serviceAccounts/catscan-production-sa@catscan-prod-202601.iam.gserviceaccount.com",
            "member": "serviceAccount:catscan-production-sa@catscan-prod-202601.iam.gserviceaccount.com",
            "name": "projects/catscan-prod-202601/serviceAccounts/catscan-production-sa@catscan-prod-202601.iam.gserviceaccount.com",
            "project": "catscan-prod-202601",
            "unique_id": "106182310221836996870"
          },
          "sensitive_attributes": [],
          "identity_schema_version": 0
        }
      ]
    },
    {
      "mode": "managed",
      "type": "random_id",
      "name": "suffix",
      "provider": "provider[\"registry.terraform.io/hashicorp/random\"]",
      "instances": [
        {
          "schema_version": 0,
          "attributes": {
            "b64_std": "UEuPFQ==",
            "b64_url": "UEuPFQ",
            "byte_length": 4,
            "dec": "1347129109",
            "hex": "504b8f15",
            "id": "UEuPFQ",
            "keepers": null,
            "prefix": null
          },
          "sensitive_attributes": [],
          "identity_schema_version": 0
        }
      ]
    },
    {
      "mode": "managed",
      "type": "random_password",
      "name": "gmail_import_secret",
      "provider": "provider[\"registry.terraform.io/hashicorp/random\"]",
      "instances": [
        {
          "schema_version": 3,
          "attributes": {
            "bcrypt_hash": "$2a$10$g6fd2M1OF5woy/zE6tTcb.MTgI79fxuraG/lu12UGm/SdqZtBCV5u",
            "id": "none",
            "keepers": null,
            "length": 32,
            "lower": true,
            "min_lower": 0,
            "min_numeric": 0,
            "min_special": 0,
            "min_upper": 0,
            "number": true,
            "numeric": true,
            "override_special": null,
            "result": "4I6mcrsnHaVQVkOsvkNNnKCQUVV4HKHH",
            "special": false,
            "upper": true
          },
          "sensitive_attributes": [
            [
              {
                "type": "get_attr",
                "value": "bcrypt_hash"
              }
            ],
            [
              {
                "type": "get_attr",
                "value": "result"
              }
            ]
          ],
          "identity_schema_version": 0,
          "create_before_destroy": true
        }
      ]
    },
    {
      "mode": "managed",
      "type": "random_password",
      "name": "precompute_monitor_secret",
      "provider": "provider[\"registry.terraform.io/hashicorp/random\"]",
      "instances": [
        {
          "schema_version": 3,
          "attributes": {
            "bcrypt_hash": "$2a$10$gz3qx948WOT/Y2Vtn3EaneKhU1VXoYM3LOTGaLVs5/T9hO2ONDeka",
            "id": "none",
            "keepers": null,
            "length": 32,
            "lower": true,
            "min_lower": 0,
            "min_numeric": 0,
            "min_special": 0,
            "min_upper": 0,
            "number": true,
            "numeric": true,
            "override_special": null,
            "result": "kU8A6ZIBtNTQqF2XcU6yQiKXZEmrqQxp",
            "special": false,
            "upper": true
          },
          "sensitive_attributes": [
            [
              {
                "type": "get_attr",
                "value": "bcrypt_hash"
              }
            ],
            [
              {
                "type": "get_attr",
                "value": "result"
              }
            ]
          ],
          "identity_schema_version": 0,
          "create_before_destroy": true
        }
      ]
    },
    {
      "mode": "managed",
      "type": "random_password",
      "name": "precompute_refresh_secret",
      "provider": "provider[\"registry.terraform.io/hashicorp/random\"]",
      "instances": [
        {
          "schema_version": 3,
          "attributes": {
            "bcrypt_hash": "$2a$10$/c6QkMz7qC5bjbB/Wj3MAOYZ/hcAFASweUn.xBN6Hyy3Fl42bpnrm",
            "id": "none",
            "keepers": null,
            "length": 32,
            "lower": true,
            "min_lower": 0,
            "min_numeric": 0,
            "min_special": 0,
            "min_upper": 0,
            "number": true,
            "numeric": true,
            "override_special": null,
            "result": "kDzahIwAhh5mPRNriURMsQyQGUT4e3IB",
            "special": false,
            "upper": true
          },
          "sensitive_attributes": [
            [
              {
                "type": "get_attr",
                "value": "bcrypt_hash"
              }
            ],
            [
              {
                "type": "get_attr",
                "value": "result"
              }
            ]
          ],
          "identity_schema_version": 0,
          "create_before_destroy": true
        }
      ]
    }
  ],
  "check_results": null
}
